// !$*UTF8*$!
{
	archiveVersion = 1;
	classes = {
	};
	objectVersion = 50;
	objects = {

/* Begin PBXBuildFile section */
		630E5ED3231CD7F5007A56AD /* AppDelegate.swift in Sources */ = {isa = PBXBuildFile; fileRef = 630E5ED2231CD7F5007A56AD /* AppDelegate.swift */; };
		630E5ED5231CD7F5007A56AD /* ViewController.swift in Sources */ = {isa = PBXBuildFile; fileRef = 630E5ED4231CD7F5007A56AD /* ViewController.swift */; };
		630E5ED8231CD7F5007A56AD /* Main.storyboard in Resources */ = {isa = PBXBuildFile; fileRef = 630E5ED6231CD7F5007A56AD /* Main.storyboard */; };
		630E5EDB231CD7F5007A56AD /* Habit_Tracker.xcdatamodeld in Sources */ = {isa = PBXBuildFile; fileRef = 630E5ED9231CD7F5007A56AD /* Habit_Tracker.xcdatamodeld */; };
		630E5EDD231CD7F8007A56AD /* Assets.xcassets in Resources */ = {isa = PBXBuildFile; fileRef = 630E5EDC231CD7F8007A56AD /* Assets.xcassets */; };
		630E5EE0231CD7F8007A56AD /* LaunchScreen.storyboard in Resources */ = {isa = PBXBuildFile; fileRef = 630E5EDE231CD7F8007A56AD /* LaunchScreen.storyboard */; };
		630E5EED231CDAD1007A56AD /* CoreDataStack.swift in Sources */ = {isa = PBXBuildFile; fileRef = 630E5EEC231CDAD1007A56AD /* CoreDataStack.swift */; };
		630E5EEF231D71A5007A56AD /* Habit+Convenience.swift in Sources */ = {isa = PBXBuildFile; fileRef = 630E5EEE231D71A5007A56AD /* Habit+Convenience.swift */; };
		630E5EF1231D75BD007A56AD /* HabitHistory+Convenience.swift in Sources */ = {isa = PBXBuildFile; fileRef = 630E5EF0231D75BD007A56AD /* HabitHistory+Convenience.swift */; };
/* End PBXBuildFile section */

/* Begin PBXFileReference section */
		630E5ECF231CD7F5007A56AD /* Habit Tracker.app */ = {isa = PBXFileReference; explicitFileType = wrapper.application; includeInIndex = 0; path = "Habit Tracker.app"; sourceTree = BUILT_PRODUCTS_DIR; };
		630E5ED2231CD7F5007A56AD /* AppDelegate.swift */ = {isa = PBXFileReference; lastKnownFileType = sourcecode.swift; path = AppDelegate.swift; sourceTree = "<group>"; };
		630E5ED4231CD7F5007A56AD /* ViewController.swift */ = {isa = PBXFileReference; lastKnownFileType = sourcecode.swift; path = ViewController.swift; sourceTree = "<group>"; };
		630E5ED7231CD7F5007A56AD /* Base */ = {isa = PBXFileReference; lastKnownFileType = file.storyboard; name = Base; path = Base.lproj/Main.storyboard; sourceTree = "<group>"; };
		630E5EDA231CD7F5007A56AD /* Habit_Tracker.xcdatamodel */ = {isa = PBXFileReference; lastKnownFileType = wrapper.xcdatamodel; path = Habit_Tracker.xcdatamodel; sourceTree = "<group>"; };
		630E5EDC231CD7F8007A56AD /* Assets.xcassets */ = {isa = PBXFileReference; lastKnownFileType = folder.assetcatalog; path = Assets.xcassets; sourceTree = "<group>"; };
		630E5EDF231CD7F8007A56AD /* Base */ = {isa = PBXFileReference; lastKnownFileType = file.storyboard; name = Base; path = Base.lproj/LaunchScreen.storyboard; sourceTree = "<group>"; };
		630E5EE1231CD7F8007A56AD /* Info.plist */ = {isa = PBXFileReference; lastKnownFileType = text.plist.xml; path = Info.plist; sourceTree = "<group>"; };
		630E5EEC231CDAD1007A56AD /* CoreDataStack.swift */ = {isa = PBXFileReference; lastKnownFileType = sourcecode.swift; path = CoreDataStack.swift; sourceTree = "<group>"; };
		630E5EEE231D71A5007A56AD /* Habit+Convenience.swift */ = {isa = PBXFileReference; lastKnownFileType = sourcecode.swift; path = "Habit+Convenience.swift"; sourceTree = "<group>"; };
		630E5EF0231D75BD007A56AD /* HabitHistory+Convenience.swift */ = {isa = PBXFileReference; lastKnownFileType = sourcecode.swift; path = "HabitHistory+Convenience.swift"; sourceTree = "<group>"; };
/* End PBXFileReference section */

/* Begin PBXFrameworksBuildPhase section */
		630E5ECC231CD7F5007A56AD /* Frameworks */ = {
			isa = PBXFrameworksBuildPhase;
			buildActionMask = 2147483647;
			files = (
			);
			runOnlyForDeploymentPostprocessing = 0;
		};
/* End PBXFrameworksBuildPhase section */

/* Begin PBXGroup section */
		630E5EC6231CD7F5007A56AD = {
			isa = PBXGroup;
			children = (
				630E5ED1231CD7F5007A56AD /* Habit Tracker */,
				630E5ED0231CD7F5007A56AD /* Products */,
			);
			sourceTree = "<group>";
		};
		630E5ED0231CD7F5007A56AD /* Products */ = {
			isa = PBXGroup;
			children = (
				630E5ECF231CD7F5007A56AD /* Habit Tracker.app */,
			);
			name = Products;
			sourceTree = "<group>";
		};
		630E5ED1231CD7F5007A56AD /* Habit Tracker */ = {
			isa = PBXGroup;
			children = (
				630E5ED2231CD7F5007A56AD /* AppDelegate.swift */,
				630E5EEB231CD9F1007A56AD /* Resources */,
				630E5EEA231CD9E3007A56AD /* Views */,
				630E5EE9231CD9C7007A56AD /* ViewControllers */,
				630E5EE8231CD90F007A56AD /* ModelControllers */,
				630E5EE7231CD8D8007A56AD /* Models */,
				630E5EE1231CD7F8007A56AD /* Info.plist */,
			);
			path = "Habit Tracker";
			sourceTree = "<group>";
		};
		630E5EE7231CD8D8007A56AD /* Models */ = {
			isa = PBXGroup;
			children = (
				630E5ED9231CD7F5007A56AD /* Habit_Tracker.xcdatamodeld */,
				630E5EEE231D71A5007A56AD /* Habit+Convenience.swift */,
				630E5EEC231CDAD1007A56AD /* CoreDataStack.swift */,
				630E5EF0231D75BD007A56AD /* HabitHistory+Convenience.swift */,
			);
			path = Models;
			sourceTree = "<group>";
		};
		630E5EE8231CD90F007A56AD /* ModelControllers */ = {
			isa = PBXGroup;
			children = (
			);
			path = ModelControllers;
			sourceTree = "<group>";
		};
		630E5EE9231CD9C7007A56AD /* ViewControllers */ = {
			isa = PBXGroup;
			children = (
				630E5ED4231CD7F5007A56AD /* ViewController.swift */,
			);
			path = ViewControllers;
			sourceTree = "<group>";
		};
		630E5EEA231CD9E3007A56AD /* Views */ = {
			isa = PBXGroup;
			children = (
				630E5EDE231CD7F8007A56AD /* LaunchScreen.storyboard */,
				630E5ED6231CD7F5007A56AD /* Main.storyboard */,
			);
			path = Views;
			sourceTree = "<group>";
		};
		630E5EEB231CD9F1007A56AD /* Resources */ = {
			isa = PBXGroup;
			children = (
				630E5EDC231CD7F8007A56AD /* Assets.xcassets */,
			);
			path = Resources;
			sourceTree = "<group>";
		};
/* End PBXGroup section */

/* Begin PBXNativeTarget section */
		630E5ECE231CD7F5007A56AD /* Habit Tracker */ = {
			isa = PBXNativeTarget;
			buildConfigurationList = 630E5EE4231CD7F8007A56AD /* Build configuration list for PBXNativeTarget "Habit Tracker" */;
			buildPhases = (
				630E5ECB231CD7F5007A56AD /* Sources */,
				630E5ECC231CD7F5007A56AD /* Frameworks */,
				630E5ECD231CD7F5007A56AD /* Resources */,
			);
			buildRules = (
			);
			dependencies = (
			);
			name = "Habit Tracker";
			productName = "Habit Tracker";
			productReference = 630E5ECF231CD7F5007A56AD /* Habit Tracker.app */;
			productType = "com.apple.product-type.application";
		};
/* End PBXNativeTarget section */

/* Begin PBXProject section */
		630E5EC7231CD7F5007A56AD /* Project object */ = {
			isa = PBXProject;
			attributes = {
				LastSwiftUpdateCheck = 1020;
				LastUpgradeCheck = 1020;
				ORGANIZATIONNAME = "David Sadler";
				TargetAttributes = {
					630E5ECE231CD7F5007A56AD = {
						CreatedOnToolsVersion = 10.2;
					};
				};
			};
			buildConfigurationList = 630E5ECA231CD7F5007A56AD /* Build configuration list for PBXProject "Habit Tracker" */;
			compatibilityVersion = "Xcode 9.3";
			developmentRegion = en;
			hasScannedForEncodings = 0;
			knownRegions = (
				en,
				Base,
			);
			mainGroup = 630E5EC6231CD7F5007A56AD;
			productRefGroup = 630E5ED0231CD7F5007A56AD /* Products */;
			projectDirPath = "";
			projectRoot = "";
			targets = (
				630E5ECE231CD7F5007A56AD /* Habit Tracker */,
			);
		};
/* End PBXProject section */

/* Begin PBXResourcesBuildPhase section */
		630E5ECD231CD7F5007A56AD /* Resources */ = {
			isa = PBXResourcesBuildPhase;
			buildActionMask = 2147483647;
			files = (
				630E5EE0231CD7F8007A56AD /* LaunchScreen.storyboard in Resources */,
				630E5EDD231CD7F8007A56AD /* Assets.xcassets in Resources */,
				630E5ED8231CD7F5007A56AD /* Main.storyboard in Resources */,
			);
			runOnlyForDeploymentPostprocessing = 0;
		};
/* End PBXResourcesBuildPhase section */

/* Begin PBXSourcesBuildPhase section */
		630E5ECB231CD7F5007A56AD /* Sources */ = {
			isa = PBXSourcesBuildPhase;
			buildActionMask = 2147483647;
			files = (
				630E5EDB231CD7F5007A56AD /* Habit_Tracker.xcdatamodeld in Sources */,
				630E5EEF231D71A5007A56AD /* Habit+Convenience.swift in Sources */,
				630E5ED5231CD7F5007A56AD /* ViewController.swift in Sources */,
				630E5ED3231CD7F5007A56AD /* AppDelegate.swift in Sources */,
				630E5EED231CDAD1007A56AD /* CoreDataStack.swift in Sources */,
				630E5EF1231D75BD007A56AD /* HabitHistory+Convenience.swift in Sources */,
			);
			runOnlyForDeploymentPostprocessing = 0;
		};
/* End PBXSourcesBuildPhase section */

/* Begin PBXVariantGroup section */
		630E5ED6231CD7F5007A56AD /* Main.storyboard */ = {
			isa = PBXVariantGroup;
			children = (
				630E5ED7231CD7F5007A56AD /* Base */,
			);
			name = Main.storyboard;
			sourceTree = "<group>";
		};
		630E5EDE231CD7F8007A56AD /* LaunchScreen.storyboard */ = {
			isa = PBXVariantGroup;
			children = (
				630E5EDF231CD7F8007A56AD /* Base */,
			);
			name = LaunchScreen.storyboard;
			sourceTree = "<group>";
		};
/* End PBXVariantGroup section */

/* Begin XCBuildConfiguration section */
		630E5EE2231CD7F8007A56AD /* Debug */ = {
			isa = XCBuildConfiguration;
			buildSettings = {
				ALWAYS_SEARCH_USER_PATHS = NO;
				CLANG_ANALYZER_NONNULL = YES;
				CLANG_ANALYZER_NUMBER_OBJECT_CONVERSION = YES_AGGRESSIVE;
				CLANG_CXX_LANGUAGE_STANDARD = "gnu++14";
				CLANG_CXX_LIBRARY = "libc++";
				CLANG_ENABLE_MODULES = YES;
				CLANG_ENABLE_OBJC_ARC = YES;
				CLANG_ENABLE_OBJC_WEAK = YES;
				CLANG_WARN_BLOCK_CAPTURE_AUTORELEASING = YES;
				CLANG_WARN_BOOL_CONVERSION = YES;
				CLANG_WARN_COMMA = YES;
				CLANG_WARN_CONSTANT_CONVERSION = YES;
				CLANG_WARN_DEPRECATED_OBJC_IMPLEMENTATIONS = YES;
				CLANG_WARN_DIRECT_OBJC_ISA_USAGE = YES_ERROR;
				CLANG_WARN_DOCUMENTATION_COMMENTS = YES;
				CLANG_WARN_EMPTY_BODY = YES;
				CLANG_WARN_ENUM_CONVERSION = YES;
				CLANG_WARN_INFINITE_RECURSION = YES;
				CLANG_WARN_INT_CONVERSION = YES;
				CLANG_WARN_NON_LITERAL_NULL_CONVERSION = YES;
				CLANG_WARN_OBJC_IMPLICIT_RETAIN_SELF = YES;
				CLANG_WARN_OBJC_LITERAL_CONVERSION = YES;
				CLANG_WARN_OBJC_ROOT_CLASS = YES_ERROR;
				CLANG_WARN_RANGE_LOOP_ANALYSIS = YES;
				CLANG_WARN_STRICT_PROTOTYPES = YES;
				CLANG_WARN_SUSPICIOUS_MOVE = YES;
				CLANG_WARN_UNGUARDED_AVAILABILITY = YES_AGGRESSIVE;
				CLANG_WARN_UNREACHABLE_CODE = YES;
				CLANG_WARN__DUPLICATE_METHOD_MATCH = YES;
				CODE_SIGN_IDENTITY = "iPhone Developer";
				COPY_PHASE_STRIP = NO;
				DEBUG_INFORMATION_FORMAT = dwarf;
				ENABLE_STRICT_OBJC_MSGSEND = YES;
				ENABLE_TESTABILITY = YES;
				GCC_C_LANGUAGE_STANDARD = gnu11;
				GCC_DYNAMIC_NO_PIC = NO;
				GCC_NO_COMMON_BLOCKS = YES;
				GCC_OPTIMIZATION_LEVEL = 0;
				GCC_PREPROCESSOR_DEFINITIONS = (
					"DEBUG=1",
					"$(inherited)",
				);
				GCC_WARN_64_TO_32_BIT_CONVERSION = YES;
				GCC_WARN_ABOUT_RETURN_TYPE = YES_ERROR;
				GCC_WARN_UNDECLARED_SELECTOR = YES;
				GCC_WARN_UNINITIALIZED_AUTOS = YES_AGGRESSIVE;
				GCC_WARN_UNUSED_FUNCTION = YES;
				GCC_WARN_UNUSED_VARIABLE = YES;
				IPHONEOS_DEPLOYMENT_TARGET = 12.2;
				MTL_ENABLE_DEBUG_INFO = INCLUDE_SOURCE;
				MTL_FAST_MATH = YES;
				ONLY_ACTIVE_ARCH = YES;
				SDKROOT = iphoneos;
				SWIFT_ACTIVE_COMPILATION_CONDITIONS = DEBUG;
				SWIFT_OPTIMIZATION_LEVEL = "-Onone";
			};
			name = Debug;
		};
		630E5EE3231CD7F8007A56AD /* Release */ = {
			isa = XCBuildConfiguration;
			buildSettings = {
				ALWAYS_SEARCH_USER_PATHS = NO;
				CLANG_ANALYZER_NONNULL = YES;
				CLANG_ANALYZER_NUMBER_OBJECT_CONVERSION = YES_AGGRESSIVE;
				CLANG_CXX_LANGUAGE_STANDARD = "gnu++14";
				CLANG_CXX_LIBRARY = "libc++";
				CLANG_ENABLE_MODULES = YES;
				CLANG_ENABLE_OBJC_ARC = YES;
				CLANG_ENABLE_OBJC_WEAK = YES;
				CLANG_WARN_BLOCK_CAPTURE_AUTORELEASING = YES;
				CLANG_WARN_BOOL_CONVERSION = YES;
				CLANG_WARN_COMMA = YES;
				CLANG_WARN_CONSTANT_CONVERSION = YES;
				CLANG_WARN_DEPRECATED_OBJC_IMPLEMENTATIONS = YES;
				CLANG_WARN_DIRECT_OBJC_ISA_USAGE = YES_ERROR;
				CLANG_WARN_DOCUMENTATION_COMMENTS = YES;
				CLANG_WARN_EMPTY_BODY = YES;
				CLANG_WARN_ENUM_CONVERSION = YES;
				CLANG_WARN_INFINITE_RECURSION = YES;
				CLANG_WARN_INT_CONVERSION = YES;
				CLANG_WARN_NON_LITERAL_NULL_CONVERSION = YES;
				CLANG_WARN_OBJC_IMPLICIT_RETAIN_SELF = YES;
				CLANG_WARN_OBJC_LITERAL_CONVERSION = YES;
				CLANG_WARN_OBJC_ROOT_CLASS = YES_ERROR;
				CLANG_WARN_RANGE_LOOP_ANALYSIS = YES;
				CLANG_WARN_STRICT_PROTOTYPES = YES;
				CLANG_WARN_SUSPICIOUS_MOVE = YES;
				CLANG_WARN_UNGUARDED_AVAILABILITY = YES_AGGRESSIVE;
				CLANG_WARN_UNREACHABLE_CODE = YES;
				CLANG_WARN__DUPLICATE_METHOD_MATCH = YES;
				CODE_SIGN_IDENTITY = "iPhone Developer";
				COPY_PHASE_STRIP = NO;
				DEBUG_INFORMATION_FORMAT = "dwarf-with-dsym";
				ENABLE_NS_ASSERTIONS = NO;
				ENABLE_STRICT_OBJC_MSGSEND = YES;
				GCC_C_LANGUAGE_STANDARD = gnu11;
				GCC_NO_COMMON_BLOCKS = YES;
				GCC_WARN_64_TO_32_BIT_CONVERSION = YES;
				GCC_WARN_ABOUT_RETURN_TYPE = YES_ERROR;
				GCC_WARN_UNDECLARED_SELECTOR = YES;
				GCC_WARN_UNINITIALIZED_AUTOS = YES_AGGRESSIVE;
				GCC_WARN_UNUSED_FUNCTION = YES;
				GCC_WARN_UNUSED_VARIABLE = YES;
				IPHONEOS_DEPLOYMENT_TARGET = 12.2;
				MTL_ENABLE_DEBUG_INFO = NO;
				MTL_FAST_MATH = YES;
				SDKROOT = iphoneos;
				SWIFT_COMPILATION_MODE = wholemodule;
				SWIFT_OPTIMIZATION_LEVEL = "-O";
				VALIDATE_PRODUCT = YES;
			};
			name = Release;
		};
		630E5EE5231CD7F8007A56AD /* Debug */ = {
			isa = XCBuildConfiguration;
			buildSettings = {
				ASSETCATALOG_COMPILER_APPICON_NAME = AppIcon;
				CODE_SIGN_STYLE = Automatic;
				DEVELOPMENT_TEAM = T45AFREN35;
				INFOPLIST_FILE = "Habit Tracker/Info.plist";
				LD_RUNPATH_SEARCH_PATHS = (
					"$(inherited)",
					"@executable_path/Frameworks",
				);
				PRODUCT_BUNDLE_IDENTIFIER = "David-Sadler.Habit-Tracker";
				PRODUCT_NAME = "$(TARGET_NAME)";
				SWIFT_VERSION = 5.0;
				TARGETED_DEVICE_FAMILY = "1,2";
			};
			name = Debug;
		};
		630E5EE6231CD7F8007A56AD /* Release */ = {
			isa = XCBuildConfiguration;
			buildSettings = {
				ASSETCATALOG_COMPILER_APPICON_NAME = AppIcon;
				CODE_SIGN_STYLE = Automatic;
				DEVELOPMENT_TEAM = T45AFREN35;
				INFOPLIST_FILE = "Habit Tracker/Info.plist";
				LD_RUNPATH_SEARCH_PATHS = (
					"$(inherited)",
					"@executable_path/Frameworks",
				);
				PRODUCT_BUNDLE_IDENTIFIER = "David-Sadler.Habit-Tracker";
				PRODUCT_NAME = "$(TARGET_NAME)";
				SWIFT_VERSION = 5.0;
				TARGETED_DEVICE_FAMILY = "1,2";
			};
			name = Release;
		};
/* End XCBuildConfiguration section */

/* Begin XCConfigurationList section */
		630E5ECA231CD7F5007A56AD /* Build configuration list for PBXProject "Habit Tracker" */ = {
			isa = XCConfigurationList;
			buildConfigurations = (
				630E5EE2231CD7F8007A56AD /* Debug */,
				630E5EE3231CD7F8007A56AD /* Release */,
			);
			defaultConfigurationIsVisible = 0;
			defaultConfigurationName = Release;
		};
		630E5EE4231CD7F8007A56AD /* Build configuration list for PBXNativeTarget "Habit Tracker" */ = {
			isa = XCConfigurationList;
			buildConfigurations = (
				630E5EE5231CD7F8007A56AD /* Debug */,
				630E5EE6231CD7F8007A56AD /* Release */,
			);
			defaultConfigurationIsVisible = 0;
			defaultConfigurationName = Release;
		};
/* End XCConfigurationList section */

/* Begin XCVersionGroup section */
		630E5ED9231CD7F5007A56AD /* Habit_Tracker.xcdatamodeld */ = {
			isa = XCVersionGroup;
			children = (
				630E5EDA231CD7F5007A56AD /* Habit_Tracker.xcdatamodel */,
			);
			currentVersion = 630E5EDA231CD7F5007A56AD /* Habit_Tracker.xcdatamodel */;
			path = Habit_Tracker.xcdatamodeld;
			sourceTree = "<group>";
			versionGroupType = wrapper.xcdatamodel;
		};
/* End XCVersionGroup section */
	};
	rootObject = 630E5EC7231CD7F5007A56AD /* Project object */;
}
